
Microsoft Visual Studio Solution File, Format Version 12.00
# Visual Studio Version 17
VisualStudioVersion = 17.14.36623.8 d17.14
MinimumVisualStudioVersion = 10.0.40219.1
Project("{FAE04EC0-301F-11D3-BF4B-00C04F79EFBC}") = "CinemaProject", "CinemaProject\CinemaProject.csproj", "{1288D4E9-46EA-424F-B7F6-124A82E171BC}"
EndProject
Global
	GlobalSection(SolutionConfigurationPlatforms) = preSolution
		Debug|Any CPU = Debug|Any CPU
		Release|Any CPU = Release|Any CPU
	EndGlobalSection
	GlobalSection(ProjectConfigurationPlatforms) = postSolution
		{1288D4E9-46EA-424F-B7F6-124A82E171BC}.Debug|Any CPU.ActiveCfg = Debug|Any CPU
		{1288D4E9-46EA-424F-B7F6-124A82E171BC}.Debug|Any CPU.Build.0 = Debug|Any CPU
		{1288D4E9-46EA-424F-B7F6-124A82E171BC}.Release|Any CPU.ActiveCfg = Release|Any CPU
		{1288D4E9-46EA-424F-B7F6-124A82E171BC}.Release|Any CPU.Build.0 = Release|Any CPU
	EndGlobalSection
	GlobalSection(SolutionProperties) = preSolution
		HideSolutionNode = FALSE
	EndGlobalSection
	GlobalSection(ExtensibilityGlobals) = postSolution
		SolutionGuid = {2758431C-47EC-4232-AE13-8F6A3BFF97E9}
	EndGlobalSection
EndGlobal
